
Microsoft Visual Studio Solution File, Format Version 12.00
# Visual Studio Version 17
VisualStudioVersion = 17.0.31903.59
MinimumVisualStudioVersion = 10.0.40219.1
Project("{FAE04EC0-301F-11D3-BF4B-00C04F79EFBC}") = "FooterThucHanh.Web", "FooterThucHanh.Web\FooterThucHanh.Web.csproj", "{ED81995F-590D-4303-B8A7-742EF725B237}"
EndProject
Project("{2150E333-8FDC-42A3-9474-1A3956D46DE8}") = "src", "src", "{1AADF4F2-DF7F-4C8E-9159-E4BF4B4EBEF9}"
EndProject
Project("{FAE04EC0-301F-11D3-BF4B-00C04F79EFBC}") = "ThemeFooterDong", "src\ThemeFooterDong\ThemeFooterDong.csproj", "{61A516FF-408F-47E7-BFE7-4A696056FB90}"
EndProject
Global
	GlobalSection(SolutionConfigurationPlatforms) = preSolution
		Debug|Any CPU = Debug|Any CPU
		Release|Any CPU = Release|Any CPU
	EndGlobalSection
	GlobalSection(SolutionProperties) = preSolution
		HideSolutionNode = FALSE
	EndGlobalSection
	GlobalSection(ProjectConfigurationPlatforms) = postSolution
		{ED81995F-590D-4303-B8A7-742EF725B237}.Debug|Any CPU.ActiveCfg = Debug|Any CPU
		{ED81995F-590D-4303-B8A7-742EF725B237}.Debug|Any CPU.Build.0 = Debug|Any CPU
		{ED81995F-590D-4303-B8A7-742EF725B237}.Release|Any CPU.ActiveCfg = Release|Any CPU
		{ED81995F-590D-4303-B8A7-742EF725B237}.Release|Any CPU.Build.0 = Release|Any CPU
		{61A516FF-408F-47E7-BFE7-4A696056FB90}.Debug|Any CPU.ActiveCfg = Debug|Any CPU
		{61A516FF-408F-47E7-BFE7-4A696056FB90}.Debug|Any CPU.Build.0 = Debug|Any CPU
		{61A516FF-408F-47E7-BFE7-4A696056FB90}.Release|Any CPU.ActiveCfg = Release|Any CPU
		{61A516FF-408F-47E7-BFE7-4A696056FB90}.Release|Any CPU.Build.0 = Release|Any CPU
	EndGlobalSection
	GlobalSection(NestedProjects) = preSolution
		{61A516FF-408F-47E7-BFE7-4A696056FB90} = {1AADF4F2-DF7F-4C8E-9159-E4BF4B4EBEF9}
	EndGlobalSection
EndGlobal
